
Microsoft Visual Studio Solution File, Format Version 12.00
# Visual Studio 2012
Project("{8BC9CEB8-8B4A-11D0-8D11-00A0C91BC942}") = "12-SubclassSandboxPattern", "12-SubclassSandboxPattern.vcxproj", "{5AAFFCB5-FAF9-4C8C-B5A0-4E45A6C94AD9}"
EndProject
Global
	GlobalSection(SolutionConfigurationPlatforms) = preSolution
		Debug|Win32 = Debug|Win32
		Release|Win32 = Release|Win32
	EndGlobalSection
	GlobalSection(ProjectConfigurationPlatforms) = postSolution
		{5AAFFCB5-FAF9-4C8C-B5A0-4E45A6C94AD9}.Debug|Win32.ActiveCfg = Debug|Win32
		{5AAFFCB5-FAF9-4C8C-B5A0-4E45A6C94AD9}.Debug|Win32.Build.0 = Debug|Win32
		{5AAFFCB5-FAF9-4C8C-B5A0-4E45A6C94AD9}.Release|Win32.ActiveCfg = Release|Win32
		{5AAFFCB5-FAF9-4C8C-B5A0-4E45A6C94AD9}.Release|Win32.Build.0 = Release|Win32
	EndGlobalSection
	GlobalSection(SolutionProperties) = preSolution
		HideSolutionNode = FALSE
	EndGlobalSection
EndGlobal
