
Microsoft Visual Studio Solution File, Format Version 12.00
# Visual Studio 2012
Project("{8BC9CEB8-8B4A-11D0-8D11-00A0C91BC942}") = "02-CommandPattern", "02-CommandPattern.vcxproj", "{052E3F8F-3FE9-4B8B-A030-2C2CB730AF04}"
EndProject
Global
	GlobalSection(SolutionConfigurationPlatforms) = preSolution
		Debug|Win32 = Debug|Win32
		Release|Win32 = Release|Win32
	EndGlobalSection
	GlobalSection(ProjectConfigurationPlatforms) = postSolution
		{052E3F8F-3FE9-4B8B-A030-2C2CB730AF04}.Debug|Win32.ActiveCfg = Debug|Win32
		{052E3F8F-3FE9-4B8B-A030-2C2CB730AF04}.Debug|Win32.Build.0 = Debug|Win32
		{052E3F8F-3FE9-4B8B-A030-2C2CB730AF04}.Release|Win32.ActiveCfg = Release|Win32
		{052E3F8F-3FE9-4B8B-A030-2C2CB730AF04}.Release|Win32.Build.0 = Release|Win32
	EndGlobalSection
	GlobalSection(SolutionProperties) = preSolution
		HideSolutionNode = FALSE
	EndGlobalSection
EndGlobal
